{
  "name": "decode-and-encode-binary-text",
  "version": "0.1.6",
  "lockfileVersion": 1,
  "requires": true,
  "dependencies": {
    "common-js": {
      "version": "0.3.8",
      "resolved": "https://registry.npmjs.org/common-js/-/common-js-0.3.8.tgz",
      "integrity": "sha1-9DKJGLS6N2+YGtM6Gx+7ZhQSbss="
    }
  }
}
